// !$*UTF8*$!
{
	archiveVersion = 1;
	classes = {
	};
	objectVersion = 46;
	objects = {

/* Begin PBXBuildFile section */
		7CDAF4C31B13EF260048CC74 /* AppDelegate.swift in Sources */ = {isa = PBXBuildFile; fileRef = 7CDAF4C21B13EF260048CC74 /* AppDelegate.swift */; };
		7CDAF4C51B13EF260048CC74 /* ViewController.swift in Sources */ = {isa = PBXBuildFile; fileRef = 7CDAF4C41B13EF260048CC74 /* ViewController.swift */; };
		7CDAF4C81B13EF260048CC74 /* Main.storyboard in Resources */ = {isa = PBXBuildFile; fileRef = 7CDAF4C61B13EF260048CC74 /* Main.storyboard */; };
		7CDAF4CA1B13EF260048CC74 /* Images.xcassets in Resources */ = {isa = PBXBuildFile; fileRef = 7CDAF4C91B13EF260048CC74 /* Images.xcassets */; };
		7CDAF4CD1B13EF260048CC74 /* LaunchScreen.xib in Resources */ = {isa = PBXBuildFile; fileRef = 7CDAF4CB1B13EF260048CC74 /* LaunchScreen.xib */; };
		7CDAF4D91B13EF270048CC74 /* LemonadeChallengeTests.swift in Sources */ = {isa = PBXBuildFile; fileRef = 7CDAF4D81B13EF270048CC74 /* LemonadeChallengeTests.swift */; };
		7CDAF4E51B141EB80048CC74 /* LemonadeStandBg.png in Resources */ = {isa = PBXBuildFile; fileRef = 7CDAF4E41B141EB80048CC74 /* LemonadeStandBg.png */; };
/* End PBXBuildFile section */

/* Begin PBXContainerItemProxy section */
		7CDAF4D31B13EF260048CC74 /* PBXContainerItemProxy */ = {
			isa = PBXContainerItemProxy;
			containerPortal = 7CDAF4B51B13EF260048CC74 /* Project object */;
			proxyType = 1;
			remoteGlobalIDString = 7CDAF4BC1B13EF260048CC74;
			remoteInfo = LemonadeChallenge;
		};
/* End PBXContainerItemProxy section */

/* Begin PBXFileReference section */
		7CDAF4BD1B13EF260048CC74 /* LemonadeChallenge.app */ = {isa = PBXFileReference; explicitFileType = wrapper.application; includeInIndex = 0; path = LemonadeChallenge.app; sourceTree = BUILT_PRODUCTS_DIR; };
		7CDAF4C11B13EF260048CC74 /* Info.plist */ = {isa = PBXFileReference; lastKnownFileType = text.plist.xml; path = Info.plist; sourceTree = "<group>"; };
		7CDAF4C21B13EF260048CC74 /* AppDelegate.swift */ = {isa = PBXFileReference; lastKnownFileType = sourcecode.swift; path = AppDelegate.swift; sourceTree = "<group>"; };
		7CDAF4C41B13EF260048CC74 /* ViewController.swift */ = {isa = PBXFileReference; lastKnownFileType = sourcecode.swift; path = ViewController.swift; sourceTree = "<group>"; };
		7CDAF4C71B13EF260048CC74 /* Base */ = {isa = PBXFileReference; lastKnownFileType = file.storyboard; name = Base; path = Base.lproj/Main.storyboard; sourceTree = "<group>"; };
		7CDAF4C91B13EF260048CC74 /* Images.xcassets */ = {isa = PBXFileReference; lastKnownFileType = folder.assetcatalog; path = Images.xcassets; sourceTree = "<group>"; };
		7CDAF4CC1B13EF260048CC74 /* Base */ = {isa = PBXFileReference; lastKnownFileType = file.xib; name = Base; path = Base.lproj/LaunchScreen.xib; sourceTree = "<group>"; };
		7CDAF4D21B13EF260048CC74 /* LemonadeChallengeTests.xctest */ = {isa = PBXFileReference; explicitFileType = wrapper.cfbundle; includeInIndex = 0; path = LemonadeChallengeTests.xctest; sourceTree = BUILT_PRODUCTS_DIR; };
		7CDAF4D71B13EF270048CC74 /* Info.plist */ = {isa = PBXFileReference; lastKnownFileType = text.plist.xml; path = Info.plist; sourceTree = "<group>"; };
		7CDAF4D81B13EF270048CC74 /* LemonadeChallengeTests.swift */ = {isa = PBXFileReference; lastKnownFileType = sourcecode.swift; path = LemonadeChallengeTests.swift; sourceTree = "<group>"; };
		7CDAF4E41B141EB80048CC74 /* LemonadeStandBg.png */ = {isa = PBXFileReference; lastKnownFileType = image.png; path = LemonadeStandBg.png; sourceTree = "<group>"; };
/* End PBXFileReference section */

/* Begin PBXFrameworksBuildPhase section */
		7CDAF4BA1B13EF260048CC74 /* Frameworks */ = {
			isa = PBXFrameworksBuildPhase;
			buildActionMask = 2147483647;
			files = (
			);
			runOnlyForDeploymentPostprocessing = 0;
		};
		7CDAF4CF1B13EF260048CC74 /* Frameworks */ = {
			isa = PBXFrameworksBuildPhase;
			buildActionMask = 2147483647;
			files = (
			);
			runOnlyForDeploymentPostprocessing = 0;
		};
/* End PBXFrameworksBuildPhase section */

/* Begin PBXGroup section */
		7CDAF4B41B13EF260048CC74 = {
			isa = PBXGroup;
			children = (
				7CDAF4BF1B13EF260048CC74 /* LemonadeChallenge */,
				7CDAF4D51B13EF260048CC74 /* LemonadeChallengeTests */,
				7CDAF4BE1B13EF260048CC74 /* Products */,
			);
			sourceTree = "<group>";
		};
		7CDAF4BE1B13EF260048CC74 /* Products */ = {
			isa = PBXGroup;
			children = (
				7CDAF4BD1B13EF260048CC74 /* LemonadeChallenge.app */,
				7CDAF4D21B13EF260048CC74 /* LemonadeChallengeTests.xctest */,
			);
			name = Products;
			sourceTree = "<group>";
		};
		7CDAF4BF1B13EF260048CC74 /* LemonadeChallenge */ = {
			isa = PBXGroup;
			children = (
				7CDAF4C21B13EF260048CC74 /* AppDelegate.swift */,
				7CDAF4C41B13EF260048CC74 /* ViewController.swift */,
				7CDAF4C61B13EF260048CC74 /* Main.storyboard */,
				7CDAF4C91B13EF260048CC74 /* Images.xcassets */,
				7CDAF4CB1B13EF260048CC74 /* LaunchScreen.xib */,
				7CDAF4C01B13EF260048CC74 /* Supporting Files */,
			);
			path = LemonadeChallenge;
			sourceTree = "<group>";
		};
		7CDAF4C01B13EF260048CC74 /* Supporting Files */ = {
			isa = PBXGroup;
			children = (
				7CDAF4E41B141EB80048CC74 /* LemonadeStandBg.png */,
				7CDAF4C11B13EF260048CC74 /* Info.plist */,
			);
			name = "Supporting Files";
			sourceTree = "<group>";
		};
		7CDAF4D51B13EF260048CC74 /* LemonadeChallengeTests */ = {
			isa = PBXGroup;
			children = (
				7CDAF4D81B13EF270048CC74 /* LemonadeChallengeTests.swift */,
				7CDAF4D61B13EF270048CC74 /* Supporting Files */,
			);
			path = LemonadeChallengeTests;
			sourceTree = "<group>";
		};
		7CDAF4D61B13EF270048CC74 /* Supporting Files */ = {
			isa = PBXGroup;
			children = (
				7CDAF4D71B13EF270048CC74 /* Info.plist */,
			);
			name = "Supporting Files";
			sourceTree = "<group>";
		};
/* End PBXGroup section */

/* Begin PBXNativeTarget section */
		7CDAF4BC1B13EF260048CC74 /* LemonadeChallenge */ = {
			isa = PBXNativeTarget;
			buildConfigurationList = 7CDAF4DC1B13EF270048CC74 /* Build configuration list for PBXNativeTarget "LemonadeChallenge" */;
			buildPhases = (
				7CDAF4B91B13EF260048CC74 /* Sources */,
				7CDAF4BA1B13EF260048CC74 /* Frameworks */,
				7CDAF4BB1B13EF260048CC74 /* Resources */,
			);
			buildRules = (
			);
			dependencies = (
			);
			name = LemonadeChallenge;
			productName = LemonadeChallenge;
			productReference = 7CDAF4BD1B13EF260048CC74 /* LemonadeChallenge.app */;
			productType = "com.apple.product-type.application";
		};
		7CDAF4D11B13EF260048CC74 /* LemonadeChallengeTests */ = {
			isa = PBXNativeTarget;
			buildConfigurationList = 7CDAF4DF1B13EF270048CC74 /* Build configuration list for PBXNativeTarget "LemonadeChallengeTests" */;
			buildPhases = (
				7CDAF4CE1B13EF260048CC74 /* Sources */,
				7CDAF4CF1B13EF260048CC74 /* Frameworks */,
				7CDAF4D01B13EF260048CC74 /* Resources */,
			);
			buildRules = (
			);
			dependencies = (
				7CDAF4D41B13EF260048CC74 /* PBXTargetDependency */,
			);
			name = LemonadeChallengeTests;
			productName = LemonadeChallengeTests;
			productReference = 7CDAF4D21B13EF260048CC74 /* LemonadeChallengeTests.xctest */;
			productType = "com.apple.product-type.bundle.unit-test";
		};
/* End PBXNativeTarget section */

/* Begin PBXProject section */
		7CDAF4B51B13EF260048CC74 /* Project object */ = {
			isa = PBXProject;
			attributes = {
				LastUpgradeCheck = 0630;
				ORGANIZATIONNAME = "Adriel Carsete";
				TargetAttributes = {
					7CDAF4BC1B13EF260048CC74 = {
						CreatedOnToolsVersion = 6.3.1;
					};
					7CDAF4D11B13EF260048CC74 = {
						CreatedOnToolsVersion = 6.3.1;
						TestTargetID = 7CDAF4BC1B13EF260048CC74;
					};
				};
			};
			buildConfigurationList = 7CDAF4B81B13EF260048CC74 /* Build configuration list for PBXProject "LemonadeChallenge" */;
			compatibilityVersion = "Xcode 3.2";
			developmentRegion = English;
			hasScannedForEncodings = 0;
			knownRegions = (
				en,
				Base,
			);
			mainGroup = 7CDAF4B41B13EF260048CC74;
			productRefGroup = 7CDAF4BE1B13EF260048CC74 /* Products */;
			projectDirPath = "";
			projectRoot = "";
			targets = (
				7CDAF4BC1B13EF260048CC74 /* LemonadeChallenge */,
				7CDAF4D11B13EF260048CC74 /* LemonadeChallengeTests */,
			);
		};
/* End PBXProject section */

/* Begin PBXResourcesBuildPhase section */
		7CDAF4BB1B13EF260048CC74 /* Resources */ = {
			isa = PBXResourcesBuildPhase;
			buildActionMask = 2147483647;
			files = (
				7CDAF4C81B13EF260048CC74 /* Main.storyboard in Resources */,
				7CDAF4CD1B13EF260048CC74 /* LaunchScreen.xib in Resources */,
				7CDAF4E51B141EB80048CC74 /* LemonadeStandBg.png in Resources */,
				7CDAF4CA1B13EF260048CC74 /* Images.xcassets in Resources */,
			);
			runOnlyForDeploymentPostprocessing = 0;
		};
		7CDAF4D01B13EF260048CC74 /* Resources */ = {
			isa = PBXResourcesBuildPhase;
			buildActionMask = 2147483647;
			files = (
			);
			runOnlyForDeploymentPostprocessing = 0;
		};
/* End PBXResourcesBuildPhase section */

/* Begin PBXSourcesBuildPhase section */
		7CDAF4B91B13EF260048CC74 /* Sources */ = {
			isa = PBXSourcesBuildPhase;
			buildActionMask = 2147483647;
			files = (
				7CDAF4C51B13EF260048CC74 /* ViewController.swift in Sources */,
				7CDAF4C31B13EF260048CC74 /* AppDelegate.swift in Sources */,
			);
			runOnlyForDeploymentPostprocessing = 0;
		};
		7CDAF4CE1B13EF260048CC74 /* Sources */ = {
			isa = PBXSourcesBuildPhase;
			buildActionMask = 2147483647;
			files = (
				7CDAF4D91B13EF270048CC74 /* LemonadeChallengeTests.swift in Sources */,
			);
			runOnlyForDeploymentPostprocessing = 0;
		};
/* End PBXSourcesBuildPhase section */

/* Begin PBXTargetDependency section */
		7CDAF4D41B13EF260048CC74 /* PBXTargetDependency */ = {
			isa = PBXTargetDependency;
			target = 7CDAF4BC1B13EF260048CC74 /* LemonadeChallenge */;
			targetProxy = 7CDAF4D31B13EF260048CC74 /* PBXContainerItemProxy */;
		};
/* End PBXTargetDependency section */

/* Begin PBXVariantGroup section */
		7CDAF4C61B13EF260048CC74 /* Main.storyboard */ = {
			isa = PBXVariantGroup;
			children = (
				7CDAF4C71B13EF260048CC74 /* Base */,
			);
			name = Main.storyboard;
			sourceTree = "<group>";
		};
		7CDAF4CB1B13EF260048CC74 /* LaunchScreen.xib */ = {
			isa = PBXVariantGroup;
			children = (
				7CDAF4CC1B13EF260048CC74 /* Base */,
			);
			name = LaunchScreen.xib;
			sourceTree = "<group>";
		};
/* End PBXVariantGroup section */

/* Begin XCBuildConfiguration section */
		7CDAF4DA1B13EF270048CC74 /* Debug */ = {
			isa = XCBuildConfiguration;
			buildSettings = {
				ALWAYS_SEARCH_USER_PATHS = NO;
				CLANG_CXX_LANGUAGE_STANDARD = "gnu++0x";
				CLANG_CXX_LIBRARY = "libc++";
				CLANG_ENABLE_MODULES = YES;
				CLANG_ENABLE_OBJC_ARC = YES;
				CLANG_WARN_BOOL_CONVERSION = YES;
				CLANG_WARN_CONSTANT_CONVERSION = YES;
				CLANG_WARN_DIRECT_OBJC_ISA_USAGE = YES_ERROR;
				CLANG_WARN_EMPTY_BODY = YES;
				CLANG_WARN_ENUM_CONVERSION = YES;
				CLANG_WARN_INT_CONVERSION = YES;
				CLANG_WARN_OBJC_ROOT_CLASS = YES_ERROR;
				CLANG_WARN_UNREACHABLE_CODE = YES;
				CLANG_WARN__DUPLICATE_METHOD_MATCH = YES;
				"CODE_SIGN_IDENTITY[sdk=iphoneos*]" = "iPhone Developer";
				COPY_PHASE_STRIP = NO;
				DEBUG_INFORMATION_FORMAT = "dwarf-with-dsym";
				ENABLE_STRICT_OBJC_MSGSEND = YES;
				GCC_C_LANGUAGE_STANDARD = gnu99;
				GCC_DYNAMIC_NO_PIC = NO;
				GCC_NO_COMMON_BLOCKS = YES;
				GCC_OPTIMIZATION_LEVEL = 0;
				GCC_PREPROCESSOR_DEFINITIONS = (
					"DEBUG=1",
					"$(inherited)",
				);
				GCC_SYMBOLS_PRIVATE_EXTERN = NO;
				GCC_WARN_64_TO_32_BIT_CONVERSION = YES;
				GCC_WARN_ABOUT_RETURN_TYPE = YES_ERROR;
				GCC_WARN_UNDECLARED_SELECTOR = YES;
				GCC_WARN_UNINITIALIZED_AUTOS = YES_AGGRESSIVE;
				GCC_WARN_UNUSED_FUNCTION = YES;
				GCC_WARN_UNUSED_VARIABLE = YES;
				IPHONEOS_DEPLOYMENT_TARGET = 8.3;
				MTL_ENABLE_DEBUG_INFO = YES;
				ONLY_ACTIVE_ARCH = YES;
				SDKROOT = iphoneos;
				SWIFT_OPTIMIZATION_LEVEL = "-Onone";
				TARGETED_DEVICE_FAMILY = "1,2";
			};
			name = Debug;
		};
		7CDAF4DB1B13EF270048CC74 /* Release */ = {
			isa = XCBuildConfiguration;
			buildSettings = {
				ALWAYS_SEARCH_USER_PATHS = NO;
				CLANG_CXX_LANGUAGE_STANDARD = "gnu++0x";
				CLANG_CXX_LIBRARY = "libc++";
				CLANG_ENABLE_MODULES = YES;
				CLANG_ENABLE_OBJC_ARC = YES;
				CLANG_WARN_BOOL_CONVERSION = YES;
				CLANG_WARN_CONSTANT_CONVERSION = YES;
				CLANG_WARN_DIRECT_OBJC_ISA_USAGE = YES_ERROR;
				CLANG_WARN_EMPTY_BODY = YES;
				CLANG_WARN_ENUM_CONVERSION = YES;
				CLANG_WARN_INT_CONVERSION = YES;
				CLANG_WARN_OBJC_ROOT_CLASS = YES_ERROR;
				CLANG_WARN_UNREACHABLE_CODE = YES;
				CLANG_WARN__DUPLICATE_METHOD_MATCH = YES;
				"CODE_SIGN_IDENTITY[sdk=iphoneos*]" = "iPhone Developer";
				COPY_PHASE_STRIP = NO;
				DEBUG_INFORMATION_FORMAT = "dwarf-with-dsym";
				ENABLE_NS_ASSERTIONS = NO;
				ENABLE_STRICT_OBJC_MSGSEND = YES;
				GCC_C_LANGUAGE_STANDARD = gnu99;
				GCC_NO_COMMON_BLOCKS = YES;
				GCC_WARN_64_TO_32_BIT_CONVERSION = YES;
				GCC_WARN_ABOUT_RETURN_TYPE = YES_ERROR;
				GCC_WARN_UNDECLARED_SELECTOR = YES;
				GCC_WARN_UNINITIALIZED_AUTOS = YES_AGGRESSIVE;
				GCC_WARN_UNUSED_FUNCTION = YES;
				GCC_WARN_UNUSED_VARIABLE = YES;
				IPHONEOS_DEPLOYMENT_TARGET = 8.3;
				MTL_ENABLE_DEBUG_INFO = NO;
				SDKROOT = iphoneos;
				TARGETED_DEVICE_FAMILY = "1,2";
				VALIDATE_PRODUCT = YES;
			};
			name = Release;
		};
		7CDAF4DD1B13EF270048CC74 /* Debug */ = {
			isa = XCBuildConfiguration;
			buildSettings = {
				ASSETCATALOG_COMPILER_APPICON_NAME = AppIcon;
				INFOPLIST_FILE = LemonadeChallenge/Info.plist;
				LD_RUNPATH_SEARCH_PATHS = "$(inherited) @executable_path/Frameworks";
				PRODUCT_NAME = "$(TARGET_NAME)";
			};
			name = Debug;
		};
		7CDAF4DE1B13EF270048CC74 /* Release */ = {
			isa = XCBuildConfiguration;
			buildSettings = {
				ASSETCATALOG_COMPILER_APPICON_NAME = AppIcon;
				INFOPLIST_FILE = LemonadeChallenge/Info.plist;
				LD_RUNPATH_SEARCH_PATHS = "$(inherited) @executable_path/Frameworks";
				PRODUCT_NAME = "$(TARGET_NAME)";
			};
			name = Release;
		};
		7CDAF4E01B13EF270048CC74 /* Debug */ = {
			isa = XCBuildConfiguration;
			buildSettings = {
				BUNDLE_LOADER = "$(TEST_HOST)";
				FRAMEWORK_SEARCH_PATHS = (
					"$(SDKROOT)/Developer/Library/Frameworks",
					"$(inherited)",
				);
				GCC_PREPROCESSOR_DEFINITIONS = (
					"DEBUG=1",
					"$(inherited)",
				);
				INFOPLIST_FILE = LemonadeChallengeTests/Info.plist;
				LD_RUNPATH_SEARCH_PATHS = "$(inherited) @executable_path/Frameworks @loader_path/Frameworks";
				PRODUCT_NAME = "$(TARGET_NAME)";
				TEST_HOST = "$(BUILT_PRODUCTS_DIR)/LemonadeChallenge.app/LemonadeChallenge";
			};
			name = Debug;
		};
		7CDAF4E11B13EF270048CC74 /* Release */ = {
			isa = XCBuildConfiguration;
			buildSettings = {
				BUNDLE_LOADER = "$(TEST_HOST)";
				FRAMEWORK_SEARCH_PATHS = (
					"$(SDKROOT)/Developer/Library/Frameworks",
					"$(inherited)",
				);
				INFOPLIST_FILE = LemonadeChallengeTests/Info.plist;
				LD_RUNPATH_SEARCH_PATHS = "$(inherited) @executable_path/Frameworks @loader_path/Frameworks";
				PRODUCT_NAME = "$(TARGET_NAME)";
				TEST_HOST = "$(BUILT_PRODUCTS_DIR)/LemonadeChallenge.app/LemonadeChallenge";
			};
			name = Release;
		};
/* End XCBuildConfiguration section */

/* Begin XCConfigurationList section */
		7CDAF4B81B13EF260048CC74 /* Build configuration list for PBXProject "LemonadeChallenge" */ = {
			isa = XCConfigurationList;
			buildConfigurations = (
				7CDAF4DA1B13EF270048CC74 /* Debug */,
				7CDAF4DB1B13EF270048CC74 /* Release */,
			);
			defaultConfigurationIsVisible = 0;
			defaultConfigurationName = Release;
		};
		7CDAF4DC1B13EF270048CC74 /* Build configuration list for PBXNativeTarget "LemonadeChallenge" */ = {
			isa = XCConfigurationList;
			buildConfigurations = (
				7CDAF4DD1B13EF270048CC74 /* Debug */,
				7CDAF4DE1B13EF270048CC74 /* Release */,
			);
			defaultConfigurationIsVisible = 0;
		};
		7CDAF4DF1B13EF270048CC74 /* Build configuration list for PBXNativeTarget "LemonadeChallengeTests" */ = {
			isa = XCConfigurationList;
			buildConfigurations = (
				7CDAF4E01B13EF270048CC74 /* Debug */,
				7CDAF4E11B13EF270048CC74 /* Release */,
			);
			defaultConfigurationIsVisible = 0;
		};
/* End XCConfigurationList section */
	};
	rootObject = 7CDAF4B51B13EF260048CC74 /* Project object */;
}
